
Microsoft Visual Studio Solution File, Format Version 12.00
# Visual Studio Version 17
VisualStudioVersion = 17.3.32929.385
MinimumVisualStudioVersion = 10.0.40219.1
Project("{FAE04EC0-301F-11D3-BF4B-00C04F79EFBC}") = "WareHouse1", "WareHouse1\WareHouse1.csproj", "{DB788868-C471-402D-9D3E-D7F4AF40E0A6}"
EndProject
Global
	GlobalSection(SolutionConfigurationPlatforms) = preSolution
		Debug|Any CPU = Debug|Any CPU
		Release|Any CPU = Release|Any CPU
	EndGlobalSection
	GlobalSection(ProjectConfigurationPlatforms) = postSolution
		{DB788868-C471-402D-9D3E-D7F4AF40E0A6}.Debug|Any CPU.ActiveCfg = Debug|Any CPU
		{DB788868-C471-402D-9D3E-D7F4AF40E0A6}.Debug|Any CPU.Build.0 = Debug|Any CPU
		{DB788868-C471-402D-9D3E-D7F4AF40E0A6}.Release|Any CPU.ActiveCfg = Release|Any CPU
		{DB788868-C471-402D-9D3E-D7F4AF40E0A6}.Release|Any CPU.Build.0 = Release|Any CPU
	EndGlobalSection
	GlobalSection(SolutionProperties) = preSolution
		HideSolutionNode = FALSE
	EndGlobalSection
	GlobalSection(ExtensibilityGlobals) = postSolution
		SolutionGuid = {A78BB905-6636-405F-B3E1-BD5F0FA759D8}
	EndGlobalSection
EndGlobal
